
Microsoft Visual Studio Solution File, Format Version 12.00
# Visual Studio 15
VisualStudioVersion = 15.0.28307.168
MinimumVisualStudioVersion = 10.0.40219.1
Project("{FAE04EC0-301F-11D3-BF4B-00C04F79EFBC}") = "Game", "Game\Game.csproj", "{EF0E87F2-EAC9-4CAA-BC53-1C4CF6281895}"
EndProject
Global
	GlobalSection(SolutionConfigurationPlatforms) = preSolution
		Debug|Any CPU = Debug|Any CPU
		Release|Any CPU = Release|Any CPU
	EndGlobalSection
	GlobalSection(ProjectConfigurationPlatforms) = postSolution
		{EF0E87F2-EAC9-4CAA-BC53-1C4CF6281895}.Debug|Any CPU.ActiveCfg = Debug|Any CPU
		{EF0E87F2-EAC9-4CAA-BC53-1C4CF6281895}.Debug|Any CPU.Build.0 = Debug|Any CPU
		{EF0E87F2-EAC9-4CAA-BC53-1C4CF6281895}.Release|Any CPU.ActiveCfg = Release|Any CPU
		{EF0E87F2-EAC9-4CAA-BC53-1C4CF6281895}.Release|Any CPU.Build.0 = Release|Any CPU
	EndGlobalSection
	GlobalSection(SolutionProperties) = preSolution
		HideSolutionNode = FALSE
	EndGlobalSection
	GlobalSection(ExtensibilityGlobals) = postSolution
		SolutionGuid = {ECBCB1C0-FA0B-4E0B-8B5E-D30BAFE86932}
	EndGlobalSection
EndGlobal
